
Microsoft Visual Studio Solution File, Format Version 12.00
# Visual Studio 2012
Project("{FAE04EC0-301F-11D3-BF4B-00C04F79EFBC}") = "VueAdminmanager.UI", "VueAdminmanager.UI\VueAdminmanager.UI.csproj", "{628E97CC-656A-4F2E-9DD3-E5CD7AFCC313}"
EndProject
Global
	GlobalSection(SolutionConfigurationPlatforms) = preSolution
		Debug|Any CPU = Debug|Any CPU
		Release|Any CPU = Release|Any CPU
	EndGlobalSection
	GlobalSection(ProjectConfigurationPlatforms) = postSolution
		{628E97CC-656A-4F2E-9DD3-E5CD7AFCC313}.Debug|Any CPU.ActiveCfg = Debug|Any CPU
		{628E97CC-656A-4F2E-9DD3-E5CD7AFCC313}.Debug|Any CPU.Build.0 = Debug|Any CPU
		{628E97CC-656A-4F2E-9DD3-E5CD7AFCC313}.Release|Any CPU.ActiveCfg = Release|Any CPU
		{628E97CC-656A-4F2E-9DD3-E5CD7AFCC313}.Release|Any CPU.Build.0 = Release|Any CPU
	EndGlobalSection
	GlobalSection(SolutionProperties) = preSolution
		HideSolutionNode = FALSE
	EndGlobalSection
	GlobalSection(Performance) = preSolution
		HasPerformanceSessions = true
	EndGlobalSection
EndGlobal
